
Microsoft Visual Studio Solution File, Format Version 12.00
# Visual Studio Version 16
VisualStudioVersion = 16.0.30804.86
MinimumVisualStudioVersion = 10.0.40219.1
Project("{9A19103F-16F7-4668-BE54-9A1E7A4F7556}") = "RealTimeWatch_Server", "RealTimeWatch_Server.csproj", "{D7C59B2A-BD57-4A06-9264-6BCE4B45073C}"
EndProject
Global
	GlobalSection(SolutionConfigurationPlatforms) = preSolution
		Debug|Any CPU = Debug|Any CPU
		Release|Any CPU = Release|Any CPU
	EndGlobalSection
	GlobalSection(ProjectConfigurationPlatforms) = postSolution
		{D7C59B2A-BD57-4A06-9264-6BCE4B45073C}.Debug|Any CPU.ActiveCfg = Debug|Any CPU
		{D7C59B2A-BD57-4A06-9264-6BCE4B45073C}.Debug|Any CPU.Build.0 = Debug|Any CPU
		{D7C59B2A-BD57-4A06-9264-6BCE4B45073C}.Release|Any CPU.ActiveCfg = Release|Any CPU
		{D7C59B2A-BD57-4A06-9264-6BCE4B45073C}.Release|Any CPU.Build.0 = Release|Any CPU
	EndGlobalSection
	GlobalSection(SolutionProperties) = preSolution
		HideSolutionNode = FALSE
	EndGlobalSection
	GlobalSection(ExtensibilityGlobals) = postSolution
		SolutionGuid = {BE3B528A-1B88-4160-B68D-0D922017C03F}
	EndGlobalSection
EndGlobal
